
Microsoft Visual Studio Solution File, Format Version 12.00
# Visual Studio Version 16
VisualStudioVersion = 16.0.30128.74
MinimumVisualStudioVersion = 10.0.40219.1
Project("{9A19103F-16F7-4668-BE54-9A1E7A4F7556}") = "CrudApp", "CrudApp\CrudApp.csproj", "{A945D07D-2ADB-4FE0-AE33-2686B0A3C070}"
EndProject
Project("{FAE04EC0-301F-11D3-BF4B-00C04F79EFBC}") = "Domaindb", "Domaindb\Domaindb.csproj", "{88312634-1584-429D-A474-B3CDF97AB1A8}"
EndProject
Global
	GlobalSection(SolutionConfigurationPlatforms) = preSolution
		Debug|Any CPU = Debug|Any CPU
		Release|Any CPU = Release|Any CPU
	EndGlobalSection
	GlobalSection(ProjectConfigurationPlatforms) = postSolution
		{A945D07D-2ADB-4FE0-AE33-2686B0A3C070}.Debug|Any CPU.ActiveCfg = Debug|Any CPU
		{A945D07D-2ADB-4FE0-AE33-2686B0A3C070}.Debug|Any CPU.Build.0 = Debug|Any CPU
		{A945D07D-2ADB-4FE0-AE33-2686B0A3C070}.Release|Any CPU.ActiveCfg = Release|Any CPU
		{A945D07D-2ADB-4FE0-AE33-2686B0A3C070}.Release|Any CPU.Build.0 = Release|Any CPU
		{88312634-1584-429D-A474-B3CDF97AB1A8}.Debug|Any CPU.ActiveCfg = Debug|Any CPU
		{88312634-1584-429D-A474-B3CDF97AB1A8}.Debug|Any CPU.Build.0 = Debug|Any CPU
		{88312634-1584-429D-A474-B3CDF97AB1A8}.Release|Any CPU.ActiveCfg = Release|Any CPU
		{88312634-1584-429D-A474-B3CDF97AB1A8}.Release|Any CPU.Build.0 = Release|Any CPU
	EndGlobalSection
	GlobalSection(SolutionProperties) = preSolution
		HideSolutionNode = FALSE
	EndGlobalSection
	GlobalSection(ExtensibilityGlobals) = postSolution
		SolutionGuid = {0F9D2B3B-BC5F-41A3-B2A7-EFB1ED2F7433}
	EndGlobalSection
EndGlobal
